
Microsoft Visual Studio Solution File, Format Version 12.00
# Visual Studio Version 16
VisualStudioVersion = 16.0.32413.511
MinimumVisualStudioVersion = 10.0.40219.1
Project("{FAE04EC0-301F-11D3-BF4B-00C04F79EFBC}") = "PracDayDotNet", "PracDayDotNet\PracDayDotNet.csproj", "{C216EB45-4748-45C2-B06D-3F9D4AAC81FE}"
EndProject
Global
	GlobalSection(SolutionConfigurationPlatforms) = preSolution
		Debug|Any CPU = Debug|Any CPU
		Release|Any CPU = Release|Any CPU
	EndGlobalSection
	GlobalSection(ProjectConfigurationPlatforms) = postSolution
		{C216EB45-4748-45C2-B06D-3F9D4AAC81FE}.Debug|Any CPU.ActiveCfg = Debug|Any CPU
		{C216EB45-4748-45C2-B06D-3F9D4AAC81FE}.Debug|Any CPU.Build.0 = Debug|Any CPU
		{C216EB45-4748-45C2-B06D-3F9D4AAC81FE}.Release|Any CPU.ActiveCfg = Release|Any CPU
		{C216EB45-4748-45C2-B06D-3F9D4AAC81FE}.Release|Any CPU.Build.0 = Release|Any CPU
	EndGlobalSection
	GlobalSection(SolutionProperties) = preSolution
		HideSolutionNode = FALSE
	EndGlobalSection
	GlobalSection(ExtensibilityGlobals) = postSolution
		SolutionGuid = {40CFC691-2EC8-456B-B118-8F062FE11563}
	EndGlobalSection
EndGlobal
